
Microsoft Visual Studio Solution File, Format Version 12.00
# Visual Studio Version 17
VisualStudioVersion = 17.3.32819.101
MinimumVisualStudioVersion = 10.0.40219.1
Project("{FAE04EC0-301F-11D3-BF4B-00C04F79EFBC}") = "BlazorCrud", "BlazorCrud.csproj", "{DB95B1B1-BF31-40B6-A3AC-AF2852B5E67C}"
EndProject
Global
	GlobalSection(SolutionConfigurationPlatforms) = preSolution
		Debug|Any CPU = Debug|Any CPU
		Release|Any CPU = Release|Any CPU
	EndGlobalSection
	GlobalSection(ProjectConfigurationPlatforms) = postSolution
		{DB95B1B1-BF31-40B6-A3AC-AF2852B5E67C}.Debug|Any CPU.ActiveCfg = Debug|Any CPU
		{DB95B1B1-BF31-40B6-A3AC-AF2852B5E67C}.Debug|Any CPU.Build.0 = Debug|Any CPU
		{DB95B1B1-BF31-40B6-A3AC-AF2852B5E67C}.Release|Any CPU.ActiveCfg = Release|Any CPU
		{DB95B1B1-BF31-40B6-A3AC-AF2852B5E67C}.Release|Any CPU.Build.0 = Release|Any CPU
	EndGlobalSection
	GlobalSection(SolutionProperties) = preSolution
		HideSolutionNode = FALSE
	EndGlobalSection
	GlobalSection(ExtensibilityGlobals) = postSolution
		SolutionGuid = {256E8EA7-7059-4036-9025-4E883337A987}
	EndGlobalSection
EndGlobal
